// !$*UTF8*$!
{
	archiveVersion = 1;
	classes = {
	};
	objectVersion = 46;
	objects = {

/* Begin PBXBuildFile section */
		A914456D19ADCF55006F1599 /* Foundation.framework in Frameworks */ = {isa = PBXBuildFile; fileRef = A914456C19ADCF55006F1599 /* Foundation.framework */; };
		A914456F19ADCF55006F1599 /* CoreGraphics.framework in Frameworks */ = {isa = PBXBuildFile; fileRef = A914456E19ADCF55006F1599 /* CoreGraphics.framework */; };
		A914457119ADCF55006F1599 /* UIKit.framework in Frameworks */ = {isa = PBXBuildFile; fileRef = A914457019ADCF55006F1599 /* UIKit.framework */; };
		A914457719ADCF55006F1599 /* InfoPlist.strings in Resources */ = {isa = PBXBuildFile; fileRef = A914457519ADCF55006F1599 /* InfoPlist.strings */; };
		A914457919ADCF55006F1599 /* main.m in Sources */ = {isa = PBXBuildFile; fileRef = A914457819ADCF55006F1599 /* main.m */; };
		A914457D19ADCF55006F1599 /* AppDelegate.m in Sources */ = {isa = PBXBuildFile; fileRef = A914457C19ADCF55006F1599 /* AppDelegate.m */; };
		A914458019ADCF55006F1599 /* Main.storyboard in Resources */ = {isa = PBXBuildFile; fileRef = A914457E19ADCF55006F1599 /* Main.storyboard */; };
		A914458319ADCF55006F1599 /* ViewController.m in Sources */ = {isa = PBXBuildFile; fileRef = A914458219ADCF55006F1599 /* ViewController.m */; };
		A914458519ADCF55006F1599 /* Images.xcassets in Resources */ = {isa = PBXBuildFile; fileRef = A914458419ADCF55006F1599 /* Images.xcassets */; };
		A914458C19ADCF55006F1599 /* XCTest.framework in Frameworks */ = {isa = PBXBuildFile; fileRef = A914458B19ADCF55006F1599 /* XCTest.framework */; };
		A914458D19ADCF55006F1599 /* Foundation.framework in Frameworks */ = {isa = PBXBuildFile; fileRef = A914456C19ADCF55006F1599 /* Foundation.framework */; };
		A914458E19ADCF55006F1599 /* UIKit.framework in Frameworks */ = {isa = PBXBuildFile; fileRef = A914457019ADCF55006F1599 /* UIKit.framework */; };
		A914459619ADCF55006F1599 /* InfoPlist.strings in Resources */ = {isa = PBXBuildFile; fileRef = A914459419ADCF55006F1599 /* InfoPlist.strings */; };
		A914459819ADCF55006F1599 /* Delete2Tests.m in Sources */ = {isa = PBXBuildFile; fileRef = A914459719ADCF55006F1599 /* Delete2Tests.m */; };
/* End PBXBuildFile section */

/* Begin PBXContainerItemProxy section */
		A914458F19ADCF55006F1599 /* PBXContainerItemProxy */ = {
			isa = PBXContainerItemProxy;
			containerPortal = A914456119ADCF55006F1599 /* Project object */;
			proxyType = 1;
			remoteGlobalIDString = A914456819ADCF55006F1599;
			remoteInfo = Delete2;
		};
/* End PBXContainerItemProxy section */

/* Begin PBXFileReference section */
		A914456919ADCF55006F1599 /* Delete2.app */ = {isa = PBXFileReference; explicitFileType = wrapper.application; includeInIndex = 0; path = Delete2.app; sourceTree = BUILT_PRODUCTS_DIR; };
		A914456C19ADCF55006F1599 /* Foundation.framework */ = {isa = PBXFileReference; lastKnownFileType = wrapper.framework; name = Foundation.framework; path = System/Library/Frameworks/Foundation.framework; sourceTree = SDKROOT; };
		A914456E19ADCF55006F1599 /* CoreGraphics.framework */ = {isa = PBXFileReference; lastKnownFileType = wrapper.framework; name = CoreGraphics.framework; path = System/Library/Frameworks/CoreGraphics.framework; sourceTree = SDKROOT; };
		A914457019ADCF55006F1599 /* UIKit.framework */ = {isa = PBXFileReference; lastKnownFileType = wrapper.framework; name = UIKit.framework; path = System/Library/Frameworks/UIKit.framework; sourceTree = SDKROOT; };
		A914457419ADCF55006F1599 /* Delete2-Info.plist */ = {isa = PBXFileReference; lastKnownFileType = text.plist.xml; path = "Delete2-Info.plist"; sourceTree = "<group>"; };
		A914457619ADCF55006F1599 /* en */ = {isa = PBXFileReference; lastKnownFileType = text.plist.strings; name = en; path = en.lproj/InfoPlist.strings; sourceTree = "<group>"; };
		A914457819ADCF55006F1599 /* main.m */ = {isa = PBXFileReference; lastKnownFileType = sourcecode.c.objc; path = main.m; sourceTree = "<group>"; };
		A914457A19ADCF55006F1599 /* Delete2-Prefix.pch */ = {isa = PBXFileReference; lastKnownFileType = sourcecode.c.h; path = "Delete2-Prefix.pch"; sourceTree = "<group>"; };
		A914457B19ADCF55006F1599 /* AppDelegate.h */ = {isa = PBXFileReference; lastKnownFileType = sourcecode.c.h; path = AppDelegate.h; sourceTree = "<group>"; };
		A914457C19ADCF55006F1599 /* AppDelegate.m */ = {isa = PBXFileReference; lastKnownFileType = sourcecode.c.objc; path = AppDelegate.m; sourceTree = "<group>"; };
		A914457F19ADCF55006F1599 /* Base */ = {isa = PBXFileReference; lastKnownFileType = file.storyboard; name = Base; path = Base.lproj/Main.storyboard; sourceTree = "<group>"; };
		A914458119ADCF55006F1599 /* ViewController.h */ = {isa = PBXFileReference; lastKnownFileType = sourcecode.c.h; path = ViewController.h; sourceTree = "<group>"; };
		A914458219ADCF55006F1599 /* ViewController.m */ = {isa = PBXFileReference; lastKnownFileType = sourcecode.c.objc; path = ViewController.m; sourceTree = "<group>"; };
		A914458419ADCF55006F1599 /* Images.xcassets */ = {isa = PBXFileReference; lastKnownFileType = folder.assetcatalog; path = Images.xcassets; sourceTree = "<group>"; };
		A914458A19ADCF55006F1599 /* Delete2Tests.xctest */ = {isa = PBXFileReference; explicitFileType = wrapper.cfbundle; includeInIndex = 0; path = Delete2Tests.xctest; sourceTree = BUILT_PRODUCTS_DIR; };
		A914458B19ADCF55006F1599 /* XCTest.framework */ = {isa = PBXFileReference; lastKnownFileType = wrapper.framework; name = XCTest.framework; path = Library/Frameworks/XCTest.framework; sourceTree = DEVELOPER_DIR; };
		A914459319ADCF55006F1599 /* Delete2Tests-Info.plist */ = {isa = PBXFileReference; lastKnownFileType = text.plist.xml; path = "Delete2Tests-Info.plist"; sourceTree = "<group>"; };
		A914459519ADCF55006F1599 /* en */ = {isa = PBXFileReference; lastKnownFileType = text.plist.strings; name = en; path = en.lproj/InfoPlist.strings; sourceTree = "<group>"; };
		A914459719ADCF55006F1599 /* Delete2Tests.m */ = {isa = PBXFileReference; lastKnownFileType = sourcecode.c.objc; path = Delete2Tests.m; sourceTree = "<group>"; };
/* End PBXFileReference section */

/* Begin PBXFrameworksBuildPhase section */
		A914456619ADCF55006F1599 /* Frameworks */ = {
			isa = PBXFrameworksBuildPhase;
			buildActionMask = 2147483647;
			files = (
				A914456F19ADCF55006F1599 /* CoreGraphics.framework in Frameworks */,
				A914457119ADCF55006F1599 /* UIKit.framework in Frameworks */,
				A914456D19ADCF55006F1599 /* Foundation.framework in Frameworks */,
			);
			runOnlyForDeploymentPostprocessing = 0;
		};
		A914458719ADCF55006F1599 /* Frameworks */ = {
			isa = PBXFrameworksBuildPhase;
			buildActionMask = 2147483647;
			files = (
				A914458C19ADCF55006F1599 /* XCTest.framework in Frameworks */,
				A914458E19ADCF55006F1599 /* UIKit.framework in Frameworks */,
				A914458D19ADCF55006F1599 /* Foundation.framework in Frameworks */,
			);
			runOnlyForDeploymentPostprocessing = 0;
		};
/* End PBXFrameworksBuildPhase section */

/* Begin PBXGroup section */
		A914456019ADCF55006F1599 = {
			isa = PBXGroup;
			children = (
				A914457219ADCF55006F1599 /* Delete2 */,
				A914459119ADCF55006F1599 /* Delete2Tests */,
				A914456B19ADCF55006F1599 /* Frameworks */,
				A914456A19ADCF55006F1599 /* Products */,
			);
			sourceTree = "<group>";
		};
		A914456A19ADCF55006F1599 /* Products */ = {
			isa = PBXGroup;
			children = (
				A914456919ADCF55006F1599 /* Delete2.app */,
				A914458A19ADCF55006F1599 /* Delete2Tests.xctest */,
			);
			name = Products;
			sourceTree = "<group>";
		};
		A914456B19ADCF55006F1599 /* Frameworks */ = {
			isa = PBXGroup;
			children = (
				A914456C19ADCF55006F1599 /* Foundation.framework */,
				A914456E19ADCF55006F1599 /* CoreGraphics.framework */,
				A914457019ADCF55006F1599 /* UIKit.framework */,
				A914458B19ADCF55006F1599 /* XCTest.framework */,
			);
			name = Frameworks;
			sourceTree = "<group>";
		};
		A914457219ADCF55006F1599 /* Delete2 */ = {
			isa = PBXGroup;
			children = (
				A914457B19ADCF55006F1599 /* AppDelegate.h */,
				A914457C19ADCF55006F1599 /* AppDelegate.m */,
				A914457E19ADCF55006F1599 /* Main.storyboard */,
				A914458119ADCF55006F1599 /* ViewController.h */,
				A914458219ADCF55006F1599 /* ViewController.m */,
				A914458419ADCF55006F1599 /* Images.xcassets */,
				A914457319ADCF55006F1599 /* Supporting Files */,
			);
			path = Delete2;
			sourceTree = "<group>";
		};
		A914457319ADCF55006F1599 /* Supporting Files */ = {
			isa = PBXGroup;
			children = (
				A914457419ADCF55006F1599 /* Delete2-Info.plist */,
				A914457519ADCF55006F1599 /* InfoPlist.strings */,
				A914457819ADCF55006F1599 /* main.m */,
				A914457A19ADCF55006F1599 /* Delete2-Prefix.pch */,
			);
			name = "Supporting Files";
			sourceTree = "<group>";
		};
		A914459119ADCF55006F1599 /* Delete2Tests */ = {
			isa = PBXGroup;
			children = (
				A914459719ADCF55006F1599 /* Delete2Tests.m */,
				A914459219ADCF55006F1599 /* Supporting Files */,
			);
			path = Delete2Tests;
			sourceTree = "<group>";
		};
		A914459219ADCF55006F1599 /* Supporting Files */ = {
			isa = PBXGroup;
			children = (
				A914459319ADCF55006F1599 /* Delete2Tests-Info.plist */,
				A914459419ADCF55006F1599 /* InfoPlist.strings */,
			);
			name = "Supporting Files";
			sourceTree = "<group>";
		};
/* End PBXGroup section */

/* Begin PBXNativeTarget section */
		A914456819ADCF55006F1599 /* Delete2 */ = {
			isa = PBXNativeTarget;
			buildConfigurationList = A914459B19ADCF55006F1599 /* Build configuration list for PBXNativeTarget "Delete2" */;
			buildPhases = (
				A914456519ADCF55006F1599 /* Sources */,
				A914456619ADCF55006F1599 /* Frameworks */,
				A914456719ADCF55006F1599 /* Resources */,
			);
			buildRules = (
			);
			dependencies = (
			);
			name = Delete2;
			productName = Delete2;
			productReference = A914456919ADCF55006F1599 /* Delete2.app */;
			productType = "com.apple.product-type.application";
		};
		A914458919ADCF55006F1599 /* Delete2Tests */ = {
			isa = PBXNativeTarget;
			buildConfigurationList = A914459E19ADCF55006F1599 /* Build configuration list for PBXNativeTarget "Delete2Tests" */;
			buildPhases = (
				A914458619ADCF55006F1599 /* Sources */,
				A914458719ADCF55006F1599 /* Frameworks */,
				A914458819ADCF55006F1599 /* Resources */,
			);
			buildRules = (
			);
			dependencies = (
				A914459019ADCF55006F1599 /* PBXTargetDependency */,
			);
			name = Delete2Tests;
			productName = Delete2Tests;
			productReference = A914458A19ADCF55006F1599 /* Delete2Tests.xctest */;
			productType = "com.apple.product-type.bundle.unit-test";
		};
/* End PBXNativeTarget section */

/* Begin PBXProject section */
		A914456119ADCF55006F1599 /* Project object */ = {
			isa = PBXProject;
			attributes = {
				LastUpgradeCheck = 0510;
				ORGANIZATIONNAME = IndiaNIC;
				TargetAttributes = {
					A914458919ADCF55006F1599 = {
						TestTargetID = A914456819ADCF55006F1599;
					};
				};
			};
			buildConfigurationList = A914456419ADCF55006F1599 /* Build configuration list for PBXProject "Delete2" */;
			compatibilityVersion = "Xcode 3.2";
			developmentRegion = English;
			hasScannedForEncodings = 0;
			knownRegions = (
				en,
				Base,
			);
			mainGroup = A914456019ADCF55006F1599;
			productRefGroup = A914456A19ADCF55006F1599 /* Products */;
			projectDirPath = "";
			projectRoot = "";
			targets = (
				A914456819ADCF55006F1599 /* Delete2 */,
				A914458919ADCF55006F1599 /* Delete2Tests */,
			);
		};
/* End PBXProject section */

/* Begin PBXResourcesBuildPhase section */
		A914456719ADCF55006F1599 /* Resources */ = {
			isa = PBXResourcesBuildPhase;
			buildActionMask = 2147483647;
			files = (
				A914458519ADCF55006F1599 /* Images.xcassets in Resources */,
				A914457719ADCF55006F1599 /* InfoPlist.strings in Resources */,
				A914458019ADCF55006F1599 /* Main.storyboard in Resources */,
			);
			runOnlyForDeploymentPostprocessing = 0;
		};
		A914458819ADCF55006F1599 /* Resources */ = {
			isa = PBXResourcesBuildPhase;
			buildActionMask = 2147483647;
			files = (
				A914459619ADCF55006F1599 /* InfoPlist.strings in Resources */,
			);
			runOnlyForDeploymentPostprocessing = 0;
		};
/* End PBXResourcesBuildPhase section */

/* Begin PBXSourcesBuildPhase section */
		A914456519ADCF55006F1599 /* Sources */ = {
			isa = PBXSourcesBuildPhase;
			buildActionMask = 2147483647;
			files = (
				A914458319ADCF55006F1599 /* ViewController.m in Sources */,
				A914457D19ADCF55006F1599 /* AppDelegate.m in Sources */,
				A914457919ADCF55006F1599 /* main.m in Sources */,
			);
			runOnlyForDeploymentPostprocessing = 0;
		};
		A914458619ADCF55006F1599 /* Sources */ = {
			isa = PBXSourcesBuildPhase;
			buildActionMask = 2147483647;
			files = (
				A914459819ADCF55006F1599 /* Delete2Tests.m in Sources */,
			);
			runOnlyForDeploymentPostprocessing = 0;
		};
/* End PBXSourcesBuildPhase section */

/* Begin PBXTargetDependency section */
		A914459019ADCF55006F1599 /* PBXTargetDependency */ = {
			isa = PBXTargetDependency;
			target = A914456819ADCF55006F1599 /* Delete2 */;
			targetProxy = A914458F19ADCF55006F1599 /* PBXContainerItemProxy */;
		};
/* End PBXTargetDependency section */

/* Begin PBXVariantGroup section */
		A914457519ADCF55006F1599 /* InfoPlist.strings */ = {
			isa = PBXVariantGroup;
			children = (
				A914457619ADCF55006F1599 /* en */,
			);
			name = InfoPlist.strings;
			sourceTree = "<group>";
		};
		A914457E19ADCF55006F1599 /* Main.storyboard */ = {
			isa = PBXVariantGroup;
			children = (
				A914457F19ADCF55006F1599 /* Base */,
			);
			name = Main.storyboard;
			sourceTree = "<group>";
		};
		A914459419ADCF55006F1599 /* InfoPlist.strings */ = {
			isa = PBXVariantGroup;
			children = (
				A914459519ADCF55006F1599 /* en */,
			);
			name = InfoPlist.strings;
			sourceTree = "<group>";
		};
/* End PBXVariantGroup section */

/* Begin XCBuildConfiguration section */
		A914459919ADCF55006F1599 /* Debug */ = {
			isa = XCBuildConfiguration;
			buildSettings = {
				ALWAYS_SEARCH_USER_PATHS = NO;
				CLANG_CXX_LANGUAGE_STANDARD = "gnu++0x";
				CLANG_CXX_LIBRARY = "libc++";
				CLANG_ENABLE_MODULES = YES;
				CLANG_ENABLE_OBJC_ARC = YES;
				CLANG_WARN_BOOL_CONVERSION = YES;
				CLANG_WARN_CONSTANT_CONVERSION = YES;
				CLANG_WARN_DIRECT_OBJC_ISA_USAGE = YES_ERROR;
				CLANG_WARN_EMPTY_BODY = YES;
				CLANG_WARN_ENUM_CONVERSION = YES;
				CLANG_WARN_INT_CONVERSION = YES;
				CLANG_WARN_OBJC_ROOT_CLASS = YES_ERROR;
				CLANG_WARN__DUPLICATE_METHOD_MATCH = YES;
				"CODE_SIGN_IDENTITY[sdk=iphoneos*]" = "iPhone Developer";
				COPY_PHASE_STRIP = NO;
				GCC_C_LANGUAGE_STANDARD = gnu99;
				GCC_DYNAMIC_NO_PIC = NO;
				GCC_OPTIMIZATION_LEVEL = 0;
				GCC_PREPROCESSOR_DEFINITIONS = (
					"DEBUG=1",
					"$(inherited)",
				);
				GCC_SYMBOLS_PRIVATE_EXTERN = NO;
				GCC_WARN_64_TO_32_BIT_CONVERSION = YES;
				GCC_WARN_ABOUT_RETURN_TYPE = YES_ERROR;
				GCC_WARN_UNDECLARED_SELECTOR = YES;
				GCC_WARN_UNINITIALIZED_AUTOS = YES_AGGRESSIVE;
				GCC_WARN_UNUSED_FUNCTION = YES;
				GCC_WARN_UNUSED_VARIABLE = YES;
				IPHONEOS_DEPLOYMENT_TARGET = 7.1;
				ONLY_ACTIVE_ARCH = YES;
				SDKROOT = iphoneos;
			};
			name = Debug;
		};
		A914459A19ADCF55006F1599 /* Release */ = {
			isa = XCBuildConfiguration;
			buildSettings = {
				ALWAYS_SEARCH_USER_PATHS = NO;
				CLANG_CXX_LANGUAGE_STANDARD = "gnu++0x";
				CLANG_CXX_LIBRARY = "libc++";
				CLANG_ENABLE_MODULES = YES;
				CLANG_ENABLE_OBJC_ARC = YES;
				CLANG_WARN_BOOL_CONVERSION = YES;
				CLANG_WARN_CONSTANT_CONVERSION = YES;
				CLANG_WARN_DIRECT_OBJC_ISA_USAGE = YES_ERROR;
				CLANG_WARN_EMPTY_BODY = YES;
				CLANG_WARN_ENUM_CONVERSION = YES;
				CLANG_WARN_INT_CONVERSION = YES;
				CLANG_WARN_OBJC_ROOT_CLASS = YES_ERROR;
				CLANG_WARN__DUPLICATE_METHOD_MATCH = YES;
				"CODE_SIGN_IDENTITY[sdk=iphoneos*]" = "iPhone Developer";
				COPY_PHASE_STRIP = YES;
				ENABLE_NS_ASSERTIONS = NO;
				GCC_C_LANGUAGE_STANDARD = gnu99;
				GCC_WARN_64_TO_32_BIT_CONVERSION = YES;
				GCC_WARN_ABOUT_RETURN_TYPE = YES_ERROR;
				GCC_WARN_UNDECLARED_SELECTOR = YES;
				GCC_WARN_UNINITIALIZED_AUTOS = YES_AGGRESSIVE;
				GCC_WARN_UNUSED_FUNCTION = YES;
				GCC_WARN_UNUSED_VARIABLE = YES;
				IPHONEOS_DEPLOYMENT_TARGET = 7.1;
				SDKROOT = iphoneos;
				VALIDATE_PRODUCT = YES;
			};
			name = Release;
		};
		A914459C19ADCF55006F1599 /* Debug */ = {
			isa = XCBuildConfiguration;
			buildSettings = {
				ASSETCATALOG_COMPILER_APPICON_NAME = AppIcon;
				ASSETCATALOG_COMPILER_LAUNCHIMAGE_NAME = LaunchImage;
				GCC_PRECOMPILE_PREFIX_HEADER = YES;
				GCC_PREFIX_HEADER = "Delete2/Delete2-Prefix.pch";
				INFOPLIST_FILE = "Delete2/Delete2-Info.plist";
				PRODUCT_NAME = "$(TARGET_NAME)";
				WRAPPER_EXTENSION = app;
			};
			name = Debug;
		};
		A914459D19ADCF55006F1599 /* Release */ = {
			isa = XCBuildConfiguration;
			buildSettings = {
				ASSETCATALOG_COMPILER_APPICON_NAME = AppIcon;
				ASSETCATALOG_COMPILER_LAUNCHIMAGE_NAME = LaunchImage;
				GCC_PRECOMPILE_PREFIX_HEADER = YES;
				GCC_PREFIX_HEADER = "Delete2/Delete2-Prefix.pch";
				INFOPLIST_FILE = "Delete2/Delete2-Info.plist";
				PRODUCT_NAME = "$(TARGET_NAME)";
				WRAPPER_EXTENSION = app;
			};
			name = Release;
		};
		A914459F19ADCF55006F1599 /* Debug */ = {
			isa = XCBuildConfiguration;
			buildSettings = {
				BUNDLE_LOADER = "$(BUILT_PRODUCTS_DIR)/Delete2.app/Delete2";
				FRAMEWORK_SEARCH_PATHS = (
					"$(SDKROOT)/Developer/Library/Frameworks",
					"$(inherited)",
					"$(DEVELOPER_FRAMEWORKS_DIR)",
				);
				GCC_PRECOMPILE_PREFIX_HEADER = YES;
				GCC_PREFIX_HEADER = "Delete2/Delete2-Prefix.pch";
				GCC_PREPROCESSOR_DEFINITIONS = (
					"DEBUG=1",
					"$(inherited)",
				);
				INFOPLIST_FILE = "Delete2Tests/Delete2Tests-Info.plist";
				PRODUCT_NAME = "$(TARGET_NAME)";
				TEST_HOST = "$(BUNDLE_LOADER)";
				WRAPPER_EXTENSION = xctest;
			};
			name = Debug;
		};
		A91445A019ADCF55006F1599 /* Release */ = {
			isa = XCBuildConfiguration;
			buildSettings = {
				BUNDLE_LOADER = "$(BUILT_PRODUCTS_DIR)/Delete2.app/Delete2";
				FRAMEWORK_SEARCH_PATHS = (
					"$(SDKROOT)/Developer/Library/Frameworks",
					"$(inherited)",
					"$(DEVELOPER_FRAMEWORKS_DIR)",
				);
				GCC_PRECOMPILE_PREFIX_HEADER = YES;
				GCC_PREFIX_HEADER = "Delete2/Delete2-Prefix.pch";
				INFOPLIST_FILE = "Delete2Tests/Delete2Tests-Info.plist";
				PRODUCT_NAME = "$(TARGET_NAME)";
				TEST_HOST = "$(BUNDLE_LOADER)";
				WRAPPER_EXTENSION = xctest;
			};
			name = Release;
		};
/* End XCBuildConfiguration section */

/* Begin XCConfigurationList section */
		A914456419ADCF55006F1599 /* Build configuration list for PBXProject "Delete2" */ = {
			isa = XCConfigurationList;
			buildConfigurations = (
				A914459919ADCF55006F1599 /* Debug */,
				A914459A19ADCF55006F1599 /* Release */,
			);
			defaultConfigurationIsVisible = 0;
			defaultConfigurationName = Release;
		};
		A914459B19ADCF55006F1599 /* Build configuration list for PBXNativeTarget "Delete2" */ = {
			isa = XCConfigurationList;
			buildConfigurations = (
				A914459C19ADCF55006F1599 /* Debug */,
				A914459D19ADCF55006F1599 /* Release */,
			);
			defaultConfigurationIsVisible = 0;
		};
		A914459E19ADCF55006F1599 /* Build configuration list for PBXNativeTarget "Delete2Tests" */ = {
			isa = XCConfigurationList;
			buildConfigurations = (
				A914459F19ADCF55006F1599 /* Debug */,
				A91445A019ADCF55006F1599 /* Release */,
			);
			defaultConfigurationIsVisible = 0;
		};
/* End XCConfigurationList section */
	};
	rootObject = A914456119ADCF55006F1599 /* Project object */;
}
